<?xml version="1.0" encoding="utf-8"?>
<Project ToolsVersion="4.0" xmlns="http://schemas.microsoft.com/developer/msbuild/2003">
  <ItemGroup>
    <Filter Include="Source Files">
      <UniqueIdentifier>{4FC737F1-C7A5-4376-A066-2A32D752A2FF}</UniqueIdentifier>
      <Extensions>cpp;c;cc;cxx;def;odl;idl;hpj;bat;asm;asmx</Extensions>
    </Filter>
    <Filter Include="Header Files">
      <UniqueIdentifier>{93995380-89BD-4b04-88EB-625FBE52EBFB}</UniqueIdentifier>
      <Extensions>h;hh;hpp;hxx;hm;inl;inc;xsd</Extensions>
    </Filter>
    <Filter Include="Resource Files">
      <UniqueIdentifier>{67DA6AB6-F800-4c08-8B7A-83BB121AAD01}</UniqueIdentifier>
      <Extensions>rc;ico;cur;bmp;dlg;rc2;rct;bin;rgs;gif;jpg;jpeg;jpe;resx;tiff;tif;png;wav;mfcribbon-ms</Extensions>
    </Filter>
  </ItemGroup>
  <ItemGroup>
    <Text Include="ReadMe.txt" />
  </ItemGroup>
  <ItemGroup>
    <ClInclude Include="stdafx.h">
      <Filter>Header Files</Filter>
    </ClInclude>
    <ClInclude Include="targetver.h">
      <Filter>Header Files</Filter>
    </ClInclude>
    <ClInclude Include="GdalTiff.h">
      <Filter>Header Files</Filter>
    </ClInclude>
    <ClInclude Include="Histogram.h">
      <Filter>Header Files</Filter>
    </ClInclude>
    <ClInclude Include="Contrast.h">
      <Filter>Header Files</Filter>
    </ClInclude>
    <ClInclude Include="ColourTransfer.h">
      <Filter>Header Files</Filter>
    </ClInclude>
    <ClInclude Include="ImageBlend.h">
      <Filter>Header Files</Filter>
    </ClInclude>
    <ClInclude Include="PerspectiveTransform.h">
      <Filter>Header Files</Filter>
    </ClInclude>
    <ClInclude Include="Thresholding.h">
      <Filter>Header Files</Filter>
    </ClInclude>
    <ClInclude Include="Linedetection.h">
      <Filter>Header Files</Filter>
    </ClInclude>
    <ClInclude Include="ConnectedComponents.h">
      <Filter>Header Files</Filter>
    </ClInclude>
    <ClInclude Include="FloodFill.h">
      <Filter>Header Files</Filter>
    </ClInclude>
    <ClInclude Include="Watershed.h">
      <Filter>Header Files</Filter>
    </ClInclude>
    <ClInclude Include="Grabcut.h">
      <Filter>Header Files</Filter>
    </ClInclude>
    <ClInclude Include="FastDetector.h">
      <Filter>Header Files</Filter>
    </ClInclude>
    <ClInclude Include="MatchDescriptor.h">
      <Filter>Header Files</Filter>
    </ClInclude>
    <ClInclude Include="CascadeDetection.h">
      <Filter>Header Files</Filter>
    </ClInclude>
    <ClInclude Include="ObjectDetection.h">
      <Filter>Header Files</Filter>
    </ClInclude>
    <ClInclude Include="TextDetection.h">
      <Filter>Header Files</Filter>
    </ClInclude>
    <ClInclude Include="VideoRead.h">
      <Filter>Header Files</Filter>
    </ClInclude>
  </ItemGroup>
  <ItemGroup>
    <ClCompile Include="stdafx.cpp">
      <Filter>Source Files</Filter>
    </ClCompile>
    <ClCompile Include="GdalUtilities.cpp">
      <Filter>Source Files</Filter>
    </ClCompile>
    <ClCompile Include="dllmain.cpp">
      <Filter>Source Files</Filter>
    </ClCompile>
    <ClCompile Include="GdalTiff.cpp">
      <Filter>Source Files</Filter>
    </ClCompile>
    <ClCompile Include="Histogram.cpp">
      <Filter>Source Files</Filter>
    </ClCompile>
    <ClCompile Include="Contrast.cpp">
      <Filter>Source Files</Filter>
    </ClCompile>
    <ClCompile Include="ColourTransfer.cpp">
      <Filter>Source Files</Filter>
    </ClCompile>
    <ClCompile Include="ImageBlend.cpp">
      <Filter>Source Files</Filter>
    </ClCompile>
    <ClCompile Include="PerspectiveTransform.cpp">
      <Filter>Source Files</Filter>
    </ClCompile>
    <ClCompile Include="Thresholding.cpp">
      <Filter>Source Files</Filter>
    </ClCompile>
    <ClCompile Include="Linedetection.cpp">
      <Filter>Source Files</Filter>
    </ClCompile>
    <ClCompile Include="ConnectedComponents.cpp">
      <Filter>Source Files</Filter>
    </ClCompile>
    <ClCompile Include="FloodFill.cpp">
      <Filter>Source Files</Filter>
    </ClCompile>
    <ClCompile Include="Watershed.cpp">
      <Filter>Source Files</Filter>
    </ClCompile>
    <ClCompile Include="Grabcut.cpp">
      <Filter>Source Files</Filter>
    </ClCompile>
    <ClCompile Include="FastDetector.cpp">
      <Filter>Source Files</Filter>
    </ClCompile>
    <ClCompile Include="MatchDescriptor.cpp">
      <Filter>Source Files</Filter>
    </ClCompile>
    <ClCompile Include="CascadeDetection.cpp">
      <Filter>Source Files</Filter>
    </ClCompile>
    <ClCompile Include="ObjectDetection.cpp">
      <Filter>Source Files</Filter>
    </ClCompile>
    <ClCompile Include="TextDetection.cpp">
      <Filter>Source Files</Filter>
    </ClCompile>
    <ClCompile Include="VideoRead.cpp">
      <Filter>Source Files</Filter>
    </ClCompile>
  </ItemGroup>
  <ItemGroup>
    <Image Include="newimg.bmp">
      <Filter>Resource Files</Filter>
    </Image>
    <Image Include="newimg.jpg">
      <Filter>Resource Files</Filter>
    </Image>
  </ItemGroup>
  <ItemGroup>
    <Xml Include="..\..\..\..\..\opencv\data\haarcascades\haarcascade_eye.xml" />
    <Xml Include="..\..\..\..\..\opencv\data\haarcascades\haarcascade_frontalface_default.xml" />
  </ItemGroup>
</Project>